
Microsoft Visual Studio Solution File, Format Version 12.00
# Visual Studio Version 16
VisualStudioVersion = 16.0.30503.244
MinimumVisualStudioVersion = 10.0.40219.1
Project("{FAE04EC0-301F-11D3-BF4B-00C04F79EFBC}") = "ProjetPOOA3", "ProjetPOOA3\ProjetPOOA3.csproj", "{2D78DCB1-2A2F-4A87-9A20-072F78B22DA7}"
EndProject
Global
	GlobalSection(SolutionConfigurationPlatforms) = preSolution
		Debug|Any CPU = Debug|Any CPU
		Release|Any CPU = Release|Any CPU
	EndGlobalSection
	GlobalSection(ProjectConfigurationPlatforms) = postSolution
		{2D78DCB1-2A2F-4A87-9A20-072F78B22DA7}.Debug|Any CPU.ActiveCfg = Debug|Any CPU
		{2D78DCB1-2A2F-4A87-9A20-072F78B22DA7}.Debug|Any CPU.Build.0 = Debug|Any CPU
		{2D78DCB1-2A2F-4A87-9A20-072F78B22DA7}.Release|Any CPU.ActiveCfg = Release|Any CPU
		{2D78DCB1-2A2F-4A87-9A20-072F78B22DA7}.Release|Any CPU.Build.0 = Release|Any CPU
	EndGlobalSection
	GlobalSection(SolutionProperties) = preSolution
		HideSolutionNode = FALSE
	EndGlobalSection
	GlobalSection(ExtensibilityGlobals) = postSolution
		SolutionGuid = {08556D8B-334B-4BC3-9AC4-88B64B1DE3B6}
	EndGlobalSection
EndGlobal
